dependencies:
- name: common
  repository: https://charts.bitnami.com/bitnami
  version: 1.10.3
- name: postgresql
  repository: https://charts.bitnami.com/bitnami
  version: 10.16.1
digest: sha256:fccfce7a6a8a30362015064daba321c364ff70f44283d963c36439dfd7aebeb3
generated: "2022-01-17T12:50:53.887954-06:00"
